
Microsoft Visual Studio Solution File, Format Version 12.00
# Visual Studio Version 17
VisualStudioVersion = 17.10.35027.167
MinimumVisualStudioVersion = 10.0.40219.1
Project("{FAE04EC0-301F-11D3-BF4B-00C04F79EFBC}") = "BulkyWeb", "BulkyWeb\BulkyWeb.csproj", "{FDE0B855-773E-4A3D-A880-0B238C6C783C}"
EndProject
Global
	GlobalSection(SolutionConfigurationPlatforms) = preSolution
		Debug|Any CPU = Debug|Any CPU
		Release|Any CPU = Release|Any CPU
	EndGlobalSection
	GlobalSection(ProjectConfigurationPlatforms) = postSolution
		{FDE0B855-773E-4A3D-A880-0B238C6C783C}.Debug|Any CPU.ActiveCfg = Debug|Any CPU
		{FDE0B855-773E-4A3D-A880-0B238C6C783C}.Debug|Any CPU.Build.0 = Debug|Any CPU
		{FDE0B855-773E-4A3D-A880-0B238C6C783C}.Release|Any CPU.ActiveCfg = Release|Any CPU
		{FDE0B855-773E-4A3D-A880-0B238C6C783C}.Release|Any CPU.Build.0 = Release|Any CPU
	EndGlobalSection
	GlobalSection(SolutionProperties) = preSolution
		HideSolutionNode = FALSE
	EndGlobalSection
	GlobalSection(ExtensibilityGlobals) = postSolution
		SolutionGuid = {9EDB04B7-8D0F-4CB7-AB18-37551C252200}
	EndGlobalSection
EndGlobal
